
Microsoft Visual Studio Solution File, Format Version 12.00
# Visual Studio Version 16
VisualStudioVersion = 16.0.29123.88
MinimumVisualStudioVersion = 10.0.40219.1
Project("{E24C65DC-7377-472B-9ABA-BC803B73C61A}") = "OPAP", ".", "{AAC9C9C6-FC62-47D0-B9E6-C649C16A84F8}"
	ProjectSection(WebsiteProperties) = preProject
		TargetFrameworkMoniker = ".NETFramework,Version%3Dv4.0"
		Debug.AspNetCompiler.VirtualPath = "/localhost_56053"
		Debug.AspNetCompiler.PhysicalPath = "..\OPAP\"
		Debug.AspNetCompiler.TargetPath = "PrecompiledWeb\localhost_56053\"
		Debug.AspNetCompiler.Updateable = "true"
		Debug.AspNetCompiler.ForceOverwrite = "true"
		Debug.AspNetCompiler.FixedNames = "false"
		Debug.AspNetCompiler.Debug = "True"
		Release.AspNetCompiler.VirtualPath = "/localhost_56053"
		Release.AspNetCompiler.PhysicalPath = "..\OPAP\"
		Release.AspNetCompiler.TargetPath = "PrecompiledWeb\localhost_56053\"
		Release.AspNetCompiler.Updateable = "true"
		Release.AspNetCompiler.ForceOverwrite = "true"
		Release.AspNetCompiler.FixedNames = "false"
		Release.AspNetCompiler.Debug = "False"
		VWDPort = "56053"
		SlnRelativePath = "..\OPAP\"
	EndProjectSection
EndProject
Global
	GlobalSection(SolutionConfigurationPlatforms) = preSolution
		Debug|Any CPU = Debug|Any CPU
	EndGlobalSection
	GlobalSection(ProjectConfigurationPlatforms) = postSolution
		{AAC9C9C6-FC62-47D0-B9E6-C649C16A84F8}.Debug|Any CPU.ActiveCfg = Debug|Any CPU
		{AAC9C9C6-FC62-47D0-B9E6-C649C16A84F8}.Debug|Any CPU.Build.0 = Debug|Any CPU
	EndGlobalSection
	GlobalSection(SolutionProperties) = preSolution
		HideSolutionNode = FALSE
	EndGlobalSection
	GlobalSection(ExtensibilityGlobals) = postSolution
		SolutionGuid = {853FF2AD-6D9D-4C68-B08E-72DC1A751D69}
	EndGlobalSection
EndGlobal
